# THIS IS AN AUTOGENERATED FILE. DO NOT EDIT THIS FILE DIRECTLY.
# yarn lockfile v1


"@babel/parser@^7.9.4":
  version "7.17.0"
  resolved "https://registry.yarnpkg.com/@babel/parser/-/parser-7.17.0.tgz#f0ac33eddbe214e4105363bb17c3341c5ffcc43c"
  integrity sha512-VKXSCQx5D8S04ej+Dqsr1CzYvvWgf20jIw2D+YhQCrIlr2UZGaDds23Y0xg75/skOxpLCRpUZvk/1EAVkGoDOw==

"@types/linkify-it@*":
  version "3.0.2"
  resolved "https://registry.yarnpkg.com/@types/linkify-it/-/linkify-it-3.0.2.tgz#fd2cd2edbaa7eaac7e7f3c1748b52a19143846c9"
  integrity sha512-HZQYqbiFVWufzCwexrvh694SOim8z2d+xJl5UNamcvQFejLY/2YUtzXHYi3cHdI7PMlS8ejH2slRAOJQ32aNbA==

"@types/markdown-it@^12.2.3":
  version "12.2.3"
  resolved "https://registry.yarnpkg.com/@types/markdown-it/-/markdown-it-12.2.3.tgz#0d6f6e5e413f8daaa26522904597be3d6cd93b51"
  integrity sha512-GKMHFfv3458yYy+v/N8gjufHO6MSZKCOXpZc5GXIWWy8uldwfmPn98vp81gZ5f9SVw8YYBctgfJ22a2d7AOMeQ==
  dependencies:
    "@types/linkify-it" "*"
    "@types/mdurl" "*"

"@types/mdurl@*":
  version "1.0.2"
  resolved "https://registry.yarnpkg.com/@types/mdurl/-/mdurl-1.0.2.tgz#e2ce9d83a613bacf284c7be7d491945e39e1f8e9"
  integrity sha512-eC4U9MlIcu2q0KQmXszyn5Akca/0jrQmwDRgpAMJai7qBWq4amIQhZyNau4VYGtCeALvW1/NtjzJJ567aZxfKA==

"@types/node-fetch@^2.5.7":
  version "2.5.7"
  resolved "https://registry.yarnpkg.com/@types/node-fetch/-/node-fetch-2.5.7.tgz#20a2afffa882ab04d44ca786449a276f9f6bbf3c"
  integrity sha512-o2WVNf5UhWRkxlf6eq+jMZDu7kjgpgJfl4xVNlvryc95O/6F2ld8ztKX+qu+Rjyet93WAWm5LjeX9H5FGkODvw==
  dependencies:
    "@types/node" "*"
    form-data "^3.0.0"

"@types/node@*":
  version "14.14.10"
  resolved "https://registry.yarnpkg.com/@types/node/-/node-14.14.10.tgz#5958a82e41863cfc71f2307b3748e3491ba03785"
  integrity sha512-J32dgx2hw8vXrSbu4ZlVhn1Nm3GbeCFNw2FWL8S5QKucHGY0cyNwjdQdO+KMBZ4wpmC7KhLCiNsdk1RFRIYUQQ==

"@types/node@^17.0.16":
  version "17.0.16"
  resolved "https://registry.yarnpkg.com/@types/node/-/node-17.0.16.tgz#e3733f46797b9df9e853ca9f719c8a6f7b84cd26"
  integrity sha512-ydLaGVfQOQ6hI1xK2A5nVh8bl0OGoIfYMxPWHqqYe9bTkWCfqiVvZoh2I/QF2sNSkZzZyROBoTefIEI+PB6iIA==

argparse@^2.0.1:
  version "2.0.1"
  resolved "https://registry.yarnpkg.com/argparse/-/argparse-2.0.1.tgz#246f50f3ca78a3240f6c997e8a9bd1eac49e4b38"
  integrity sha512-8+9WqebbFzpX9OR+Wa6O29asIogeRMzcGtAINdpMHHyAg10f05aSFVBbcEqGf/PXw1EjAZ+q2/bEBg3DvurK3Q==

asynckit@^0.4.0:
  version "0.4.0"
  resolved "https://registry.yarnpkg.com/asynckit/-/asynckit-0.4.0.tgz#c79ed97f7f34cb8f2ba1bc9790bcc366474b4b79"
  integrity sha1-x57Zf380y48robyXkLzDZkdLS3k=

bluebird@^3.7.2:
  version "3.7.2"
  resolved "https://registry.yarnpkg.com/bluebird/-/bluebird-3.7.2.tgz#9f229c15be272454ffa973ace0dbee79a1b0c36f"
  integrity sha512-XpNj6GDQzdfW+r2Wnn7xiSAd7TM3jzkxGXBGTtWKuSXv1xUV+azxAm8jdWZN06QTQk+2N2XB9jRDkvbmQmcRtg==

catharsis@^0.9.0:
  version "0.9.0"
  resolved "https://registry.yarnpkg.com/catharsis/-/catharsis-0.9.0.tgz#40382a168be0e6da308c277d3a2b3eb40c7d2121"
  integrity sha512-prMTQVpcns/tzFgFVkVp6ak6RykZyWb3gu8ckUpd6YkTlacOd3DXGJjIpD4Q6zJirizvaiAjSSHlOsA+6sNh2A==
  dependencies:
    lodash "^4.17.15"

combined-stream@^1.0.8:
  version "1.0.8"
  resolved "https://registry.yarnpkg.com/combined-stream/-/combined-stream-1.0.8.tgz#c3d45a8b34fd730631a110a8a2520682b31d5a7f"
  integrity sha512-FQN4MRfuJeHf7cBbBMJFXhKSDq+2kAArBlmRBvcvFE5BB1HZKXtSFASDhdlz9zOYwxh8lDdnvmMOe/+5cdoEdg==
  dependencies:
    delayed-stream "~1.0.0"

delayed-stream@~1.0.0:
  version "1.0.0"
  resolved "https://registry.yarnpkg.com/delayed-stream/-/delayed-stream-1.0.0.tgz#df3ae199acadfb7d440aaae0b29e2272b24ec619"
  integrity sha1-3zrhmayt+31ECqrgsp4icrJOxhk=

entities@~2.1.0:
  version "2.1.0"
  resolved "https://registry.yarnpkg.com/entities/-/entities-2.1.0.tgz#992d3129cf7df6870b96c57858c249a120f8b8b5"
  integrity sha512-hCx1oky9PFrJ611mf0ifBLBRW8lUUVRlFolb5gWRfIELabBlbp9xZvrqZLZAs+NxFnbfQoeGd8wDkygjg7U85w==

escape-string-regexp@^2.0.0:
  version "2.0.0"
  resolved "https://registry.yarnpkg.com/escape-string-regexp/-/escape-string-regexp-2.0.0.tgz#a30304e99daa32e23b2fd20f51babd07cffca344"
  integrity sha512-UpzcLCXolUWcNu5HtVMHYdXJjArjsF9C0aNnquZYY4uW/Vu0miy5YoWvbV345HauVvcAUnpRuhMMcqTcGOY2+w==

form-data@^3.0.0:
  version "3.0.0"
  resolved "https://registry.yarnpkg.com/form-data/-/form-data-3.0.0.tgz#31b7e39c85f1355b7139ee0c647cf0de7f83c682"
  integrity sha512-CKMFDglpbMi6PyN+brwB9Q/GOw0eAnsrEZDgcsH5Krhz5Od/haKHAX0NmQfha2zPPz0JpWzA7GJHGSnvCRLWsg==
  dependencies:
    asynckit "^0.4.0"
    combined-stream "^1.0.8"
    mime-types "^2.1.12"

jaguarjs-jsdoc@^1.1.0:
  version "1.1.0"
  resolved "https://registry.yarnpkg.com/jaguarjs-jsdoc/-/jaguarjs-jsdoc-1.1.0.tgz#3e3cff963bd12d4e43d524d9c606714e2bfa2901"
  integrity sha1-Pjz/ljvRLU5D1STZxgZxTiv6KQE=
  dependencies:
    taffydb "^2.7.2"
    underscore "^1.7.0"

js2xmlparser@^4.0.2:
  version "4.0.2"
  resolved "https://registry.yarnpkg.com/js2xmlparser/-/js2xmlparser-4.0.2.tgz#2a1fdf01e90585ef2ae872a01bc169c6a8d5e60a"
  integrity sha512-6n4D8gLlLf1n5mNLQPRfViYzu9RATblzPEtm1SthMX1Pjao0r9YI9nw7ZIfRxQMERS87mcswrg+r/OYrPRX6jA==
  dependencies:
    xmlcreate "^2.0.4"

jsdoc@^3.6.10:
  version "3.6.10"
  resolved "https://registry.yarnpkg.com/jsdoc/-/jsdoc-3.6.10.tgz#dc903c44763b78afa7d94d63da475d20bc224cc4"
  integrity sha512-IdQ8ppSo5LKZ9o3M+LKIIK8i00DIe5msDvG3G81Km+1dhy0XrOWD0Ji8H61ElgyEj/O9KRLokgKbAM9XX9CJAg==
  dependencies:
    "@babel/parser" "^7.9.4"
    "@types/markdown-it" "^12.2.3"
    bluebird "^3.7.2"
    catharsis "^0.9.0"
    escape-string-regexp "^2.0.0"
    js2xmlparser "^4.0.2"
    klaw "^4.0.1"
    markdown-it "^12.3.2"
    markdown-it-anchor "^8.4.1"
    marked "^4.0.10"
    mkdirp "^1.0.4"
    requizzle "^0.2.3"
    strip-json-comments "^3.1.0"
    taffydb "2.6.2"
    underscore "~1.13.2"

klaw@^4.0.1:
  version "4.0.1"
  resolved "https://registry.yarnpkg.com/klaw/-/klaw-4.0.1.tgz#8dc6f5723f05894e8e931b516a8ff15c2976d368"
  integrity sha512-pgsE40/SvC7st04AHiISNewaIMUbY5V/K8b21ekiPiFoYs/EYSdsGa+FJArB1d441uq4Q8zZyIxvAzkGNlBdRw==

linkify-it@^3.0.1:
  version "3.0.3"
  resolved "https://registry.yarnpkg.com/linkify-it/-/linkify-it-3.0.3.tgz#a98baf44ce45a550efb4d49c769d07524cc2fa2e"
  integrity sha512-ynTsyrFSdE5oZ/O9GEf00kPngmOfVwazR5GKDq6EYfhlpFug3J2zybX56a2PRRpc9P+FuSoGNAwjlbDs9jJBPQ==
  dependencies:
    uc.micro "^1.0.1"

lodash@^4.17.14, lodash@^4.17.15:
  version "4.17.21"
  resolved "https://registry.yarnpkg.com/lodash/-/lodash-4.17.21.tgz#679591c564c3bffaae8454cf0b3df370c3d6911c"
  integrity sha512-v2kDEe57lecTulaDIuNTPy3Ry4gLGJ6Z1O3vE1krgXZNrsQ+LFTGHVxVjcXPs17LhbZVGedAJv8XZ1tvj5FvSg==

markdown-it-anchor@^8.4.1:
  version "8.4.1"
  resolved "https://registry.yarnpkg.com/markdown-it-anchor/-/markdown-it-anchor-8.4.1.tgz#29e560593f5edb80b25fdab8b23f93ef8a91b31e"
  integrity sha512-sLODeRetZ/61KkKLJElaU3NuU2z7MhXf12Ml1WJMSdwpngeofneCRF+JBbat8HiSqhniOMuTemXMrsI7hA6XyA==

markdown-it@^12.3.2:
  version "12.3.2"
  resolved "https://registry.yarnpkg.com/markdown-it/-/markdown-it-12.3.2.tgz#bf92ac92283fe983fe4de8ff8abfb5ad72cd0c90"
  integrity sha512-TchMembfxfNVpHkbtriWltGWc+m3xszaRD0CZup7GFFhzIgQqxIfn3eGj1yZpfuflzPvfkt611B2Q/Bsk1YnGg==
  dependencies:
    argparse "^2.0.1"
    entities "~2.1.0"
    linkify-it "^3.0.1"
    mdurl "^1.0.1"
    uc.micro "^1.0.5"

marked@^4.0.10:
  version "4.0.12"
  resolved "https://registry.yarnpkg.com/marked/-/marked-4.0.12.tgz#2262a4e6fd1afd2f13557726238b69a48b982f7d"
  integrity sha512-hgibXWrEDNBWgGiK18j/4lkS6ihTe9sxtV4Q1OQppb/0zzyPSzoFANBa5MfsG/zgsWklmNnhm0XACZOH/0HBiQ==

mdurl@^1.0.1:
  version "1.0.1"
  resolved "https://registry.yarnpkg.com/mdurl/-/mdurl-1.0.1.tgz#fe85b2ec75a59037f2adfec100fd6c601761152e"
  integrity sha1-/oWy7HWlkDfyrf7BAP1sYBdhFS4=

mime-db@1.44.0:
  version "1.44.0"
  resolved "https://registry.yarnpkg.com/mime-db/-/mime-db-1.44.0.tgz#fa11c5eb0aca1334b4233cb4d52f10c5a6272f92"
  integrity sha512-/NOTfLrsPBVeH7YtFPgsVWveuL+4SjjYxaQ1xtM1KMFj7HdxlBlxeyNLzhyJVx7r4rZGJAZ/6lkKCitSc/Nmpg==

mime-types@^2.1.12:
  version "2.1.27"
  resolved "https://registry.yarnpkg.com/mime-types/-/mime-types-2.1.27.tgz#47949f98e279ea53119f5722e0f34e529bec009f"
  integrity sha512-JIhqnCasI9yD+SsmkquHBxTSEuZdQX5BuQnS2Vc7puQQQ+8yiP5AY5uWhpdv4YL4VM5c6iliiYWPgJ/nJQLp7w==
  dependencies:
    mime-db "1.44.0"

mkdirp@^1.0.4:
  version "1.0.4"
  resolved "https://registry.yarnpkg.com/mkdirp/-/mkdirp-1.0.4.tgz#3eb5ed62622756d79a5f0e2a221dfebad75c2f7e"
  integrity sha512-vVqVZQyf3WLx2Shd0qJ9xuvqgAyKPLAiqITEtqW0oIUjzo3PePDd6fW9iFz30ef7Ysp/oiWqbhszeGWW2T6Gzw==

node-fetch@^2.6.1:
  version "2.6.1"
  resolved "https://registry.yarnpkg.com/node-fetch/-/node-fetch-2.6.1.tgz#045bd323631f76ed2e2b55573394416b639a0052"
  integrity sha512-V4aYg89jEoVRxRb2fJdAg8FHvI7cEyYdVAh94HH0UIK8oJxUfkjlDQN9RbMx+bEjP7+ggMiFRprSti032Oipxw==

requizzle@^0.2.3:
  version "0.2.3"
  resolved "https://registry.yarnpkg.com/requizzle/-/requizzle-0.2.3.tgz#4675c90aacafb2c036bd39ba2daa4a1cb777fded"
  integrity sha512-YanoyJjykPxGHii0fZP0uUPEXpvqfBDxWV7s6GKAiiOsiqhX6vHNyW3Qzdmqp/iq/ExbhaGbVrjB4ruEVSM4GQ==
  dependencies:
    lodash "^4.17.14"

strip-json-comments@^3.1.0:
  version "3.1.1"
  resolved "https://registry.yarnpkg.com/strip-json-comments/-/strip-json-comments-3.1.1.tgz#31f1281b3832630434831c310c01cccda8cbe006"
  integrity sha512-6fPc+R4ihwqP6N/aIv2f1gMH8lOVtWQHoqC4yK6oSDVVocumAsfCqjkXnqiYMhmMwS/mEHLp7Vehlt3ql6lEig==

taffydb@2.6.2:
  version "2.6.2"
  resolved "https://registry.yarnpkg.com/taffydb/-/taffydb-2.6.2.tgz#7cbcb64b5a141b6a2efc2c5d2c67b4e150b2a268"
  integrity sha1-fLy2S1oUG2ou/CxdLGe04VCyomg=

taffydb@^2.7.2:
  version "2.7.3"
  resolved "https://registry.yarnpkg.com/taffydb/-/taffydb-2.7.3.tgz#2ad37169629498fca5bc84243096d3cde0ec3a34"
  integrity sha1-KtNxaWKUmPylvIQkMJbTzeDsOjQ=

uc.micro@^1.0.1, uc.micro@^1.0.5:
  version "1.0.6"
  resolved "https://registry.yarnpkg.com/uc.micro/-/uc.micro-1.0.6.tgz#9c411a802a409a91fc6cf74081baba34b24499ac"
  integrity sha512-8Y75pvTYkLJW2hWQHXxoqRgV7qb9B+9vFEtidML+7koHUFapnVJAZ6cKs+Qjz5Aw3aZWHMC6u0wJE3At+nSGwA==

underscore@^1.7.0:
  version "1.12.0"
  resolved "https://registry.yarnpkg.com/underscore/-/underscore-1.12.0.tgz#4814940551fc80587cef7840d1ebb0f16453be97"
  integrity sha512-21rQzss/XPMjolTiIezSu3JAjgagXKROtNrYFEOWK109qY1Uv2tVjPTZ1ci2HgvQDA16gHYSthQIJfB+XId/rQ==

underscore@~1.13.2:
  version "1.13.2"
  resolved "https://registry.yarnpkg.com/underscore/-/underscore-1.13.2.tgz#276cea1e8b9722a8dbed0100a407dda572125881"
  integrity sha512-ekY1NhRzq0B08g4bGuX4wd2jZx5GnKz6mKSqFL4nqBlfyMGiG10gDFhDTMEfYmDL6Jy0FUIZp7wiRB+0BP7J2g==

xmlcreate@^2.0.4:
  version "2.0.4"
  resolved "https://registry.yarnpkg.com/xmlcreate/-/xmlcreate-2.0.4.tgz#0c5ab0f99cdd02a81065fa9cd8f8ae87624889be"
  integrity sha512-nquOebG4sngPmGPICTS5EnxqhKbCmz5Ox5hsszI2T6U5qdrJizBc+0ilYSEjTSzU0yZcmvppztXe/5Al5fUwdg==
